// !$*UTF8*$!
{
	archiveVersion = 1;
	classes = {
	};
	objectVersion = 56;
	objects = {

/* Begin PBXBuildFile section */
		0A4A366A2BC821F10056DB03 /* TotalWinView.swift in Sources */ = {isa = PBXBuildFile; fileRef = 0A4A36692BC821F10056DB03 /* TotalWinView.swift */; };
		0A4A366D2BC8220C0056DB03 /* PopupView in Frameworks */ = {isa = PBXBuildFile; productRef = 0A4A366C2BC8220C0056DB03 /* PopupView */; };
		0A4A366F2BC8245F0056DB03 /* Int.swift in Sources */ = {isa = PBXBuildFile; fileRef = 0A4A366E2BC8245F0056DB03 /* Int.swift */; };
		0AB228AD2BBF4C6C0012BCB5 /* PyramidRichesSlotsApp.swift in Sources */ = {isa = PBXBuildFile; fileRef = 0AB2289A2BBF4C6C0012BCB5 /* PyramidRichesSlotsApp.swift */; };
		0AB228AE2BBF4C6C0012BCB5 /* Assets.xcassets in Resources */ = {isa = PBXBuildFile; fileRef = 0AB2289C2BBF4C6C0012BCB5 /* Assets.xcassets */; };
		0AB228AF2BBF4C6C0012BCB5 /* Preview Assets.xcassets in Resources */ = {isa = PBXBuildFile; fileRef = 0AB2289E2BBF4C6C0012BCB5 /* Preview Assets.xcassets */; };
		0AB228B02BBF4C6C0012BCB5 /* Launch Screen.storyboard in Resources */ = {isa = PBXBuildFile; fileRef = 0AB2289F2BBF4C6C0012BCB5 /* Launch Screen.storyboard */; };
		0AB228B22BBF4C6C0012BCB5 /* Constants.swift in Sources */ = {isa = PBXBuildFile; fileRef = 0AB228A32BBF4C6C0012BCB5 /* Constants.swift */; };
		0AB228B32BBF4C6C0012BCB5 /* View.swift in Sources */ = {isa = PBXBuildFile; fileRef = 0AB228A52BBF4C6C0012BCB5 /* View.swift */; };
		0AB228B42BBF4C6C0012BCB5 /* Font.swift in Sources */ = {isa = PBXBuildFile; fileRef = 0AB228A62BBF4C6C0012BCB5 /* Font.swift */; };
		0AB228B62BBF4C6C0012BCB5 /* MenuView.swift in Sources */ = {isa = PBXBuildFile; fileRef = 0AB228A92BBF4C6C0012BCB5 /* MenuView.swift */; };
		0AB228B82BBF4C6C0012BCB5 /* StorageService.swift in Sources */ = {isa = PBXBuildFile; fileRef = 0AB228AC2BBF4C6C0012BCB5 /* StorageService.swift */; };
		0AB228BC2BBF54200012BCB5 /* AppDelegate.swift in Sources */ = {isa = PBXBuildFile; fileRef = 0AB228BB2BBF54200012BCB5 /* AppDelegate.swift */; };
		0AB228BE2BC07A800012BCB5 /* NotificationsView.swift in Sources */ = {isa = PBXBuildFile; fileRef = 0AB228BD2BC07A800012BCB5 /* NotificationsView.swift */; };
		0AB228C12BC07ADC0012BCB5 /* Inter-Bold.ttf in Resources */ = {isa = PBXBuildFile; fileRef = 0AB228C02BC07ADC0012BCB5 /* Inter-Bold.ttf */; };
		0AB228C32BC07B850012BCB5 /* Inter-Medium.ttf in Resources */ = {isa = PBXBuildFile; fileRef = 0AB228C22BC07B850012BCB5 /* Inter-Medium.ttf */; };
		0AB228C52BC07CFE0012BCB5 /* Double.swift in Sources */ = {isa = PBXBuildFile; fileRef = 0AB228C42BC07CFE0012BCB5 /* Double.swift */; };
		0AB228C82BC37CE60012BCB5 /* CoinsLabel.swift in Sources */ = {isa = PBXBuildFile; fileRef = 0AB228C72BC37CE60012BCB5 /* CoinsLabel.swift */; };
		0AB228CA2BC37F6D0012BCB5 /* MultiroundPro.otf in Resources */ = {isa = PBXBuildFile; fileRef = 0AB228C92BC37F6D0012BCB5 /* MultiroundPro.otf */; };
		0AB228CC2BC383120012BCB5 /* Muller Bold.ttf in Resources */ = {isa = PBXBuildFile; fileRef = 0AB228CB2BC383120012BCB5 /* Muller Bold.ttf */; };
		0AB228CE2BC384990012BCB5 /* InfoButton.swift in Sources */ = {isa = PBXBuildFile; fileRef = 0AB228CD2BC384990012BCB5 /* InfoButton.swift */; };
		0AB228D02BC384C70012BCB5 /* InfoView.swift in Sources */ = {isa = PBXBuildFile; fileRef = 0AB228CF2BC384C70012BCB5 /* InfoView.swift */; };
		0AB228D22BC385BF0012BCB5 /* DailyRewardLabel.swift in Sources */ = {isa = PBXBuildFile; fileRef = 0AB228D12BC385BF0012BCB5 /* DailyRewardLabel.swift */; };
		0AB228D82BC399400012BCB5 /* BackButton.swift in Sources */ = {isa = PBXBuildFile; fileRef = 0AB228D72BC399400012BCB5 /* BackButton.swift */; };
		0AB228DA2BC3A0750012BCB5 /* MullerMedium.ttf in Resources */ = {isa = PBXBuildFile; fileRef = 0AB228D92BC3A0750012BCB5 /* MullerMedium.ttf */; };
		0AB228DC2BC3A3BE0012BCB5 /* GameView.swift in Sources */ = {isa = PBXBuildFile; fileRef = 0AB228DB2BC3A3BE0012BCB5 /* GameView.swift */; };
		0AB228DE2BC3A7740012BCB5 /* GameViewModel.swift in Sources */ = {isa = PBXBuildFile; fileRef = 0AB228DD2BC3A7740012BCB5 /* GameViewModel.swift */; };
		0AB228E02BC4B31C0012BCB5 /* NotificationsService.swift in Sources */ = {isa = PBXBuildFile; fileRef = 0AB228DF2BC4B31C0012BCB5 /* NotificationsService.swift */; };
		0AB228E22BC4E2410012BCB5 /* WebView.swift in Sources */ = {isa = PBXBuildFile; fileRef = 0AB228E12BC4E2410012BCB5 /* WebView.swift */; };
		0AB228E42BC4E33B0012BCB5 /* TermsAndPrivacyView.swift in Sources */ = {isa = PBXBuildFile; fileRef = 0AB228E32BC4E33B0012BCB5 /* TermsAndPrivacyView.swift */; };
		0AB228E62BC4EADF0012BCB5 /* TermsAndPrivacyViewModel.swift in Sources */ = {isa = PBXBuildFile; fileRef = 0AB228E52BC4EADF0012BCB5 /* TermsAndPrivacyViewModel.swift */; };
/* End PBXBuildFile section */

/* Begin PBXFileReference section */
		0A4A36692BC821F10056DB03 /* TotalWinView.swift */ = {isa = PBXFileReference; lastKnownFileType = sourcecode.swift; path = TotalWinView.swift; sourceTree = "<group>"; };
		0A4A366E2BC8245F0056DB03 /* Int.swift */ = {isa = PBXFileReference; lastKnownFileType = sourcecode.swift; path = Int.swift; sourceTree = "<group>"; };
		0AB2289A2BBF4C6C0012BCB5 /* PyramidRichesSlotsApp.swift */ = {isa = PBXFileReference; fileEncoding = 4; lastKnownFileType = sourcecode.swift; path = PyramidRichesSlotsApp.swift; sourceTree = "<group>"; };
		0AB2289C2BBF4C6C0012BCB5 /* Assets.xcassets */ = {isa = PBXFileReference; lastKnownFileType = folder.assetcatalog; path = Assets.xcassets; sourceTree = "<group>"; };
		0AB2289E2BBF4C6C0012BCB5 /* Preview Assets.xcassets */ = {isa = PBXFileReference; lastKnownFileType = folder.assetcatalog; path = "Preview Assets.xcassets"; sourceTree = "<group>"; };
		0AB2289F2BBF4C6C0012BCB5 /* Launch Screen.storyboard */ = {isa = PBXFileReference; fileEncoding = 4; lastKnownFileType = file.storyboard; path = "Launch Screen.storyboard"; sourceTree = "<group>"; };
		0AB228A02BBF4C6C0012BCB5 /* Info.plist */ = {isa = PBXFileReference; fileEncoding = 4; lastKnownFileType = text.plist.xml; path = Info.plist; sourceTree = "<group>"; };
		0AB228A32BBF4C6C0012BCB5 /* Constants.swift */ = {isa = PBXFileReference; fileEncoding = 4; lastKnownFileType = sourcecode.swift; path = Constants.swift; sourceTree = "<group>"; };
		0AB228A52BBF4C6C0012BCB5 /* View.swift */ = {isa = PBXFileReference; fileEncoding = 4; lastKnownFileType = sourcecode.swift; path = View.swift; sourceTree = "<group>"; };
		0AB228A62BBF4C6C0012BCB5 /* Font.swift */ = {isa = PBXFileReference; fileEncoding = 4; lastKnownFileType = sourcecode.swift; path = Font.swift; sourceTree = "<group>"; };
		0AB228A92BBF4C6C0012BCB5 /* MenuView.swift */ = {isa = PBXFileReference; fileEncoding = 4; lastKnownFileType = sourcecode.swift; path = MenuView.swift; sourceTree = "<group>"; };
		0AB228AC2BBF4C6C0012BCB5 /* StorageService.swift */ = {isa = PBXFileReference; fileEncoding = 4; lastKnownFileType = sourcecode.swift; path = StorageService.swift; sourceTree = "<group>"; };
		0AB228BB2BBF54200012BCB5 /* AppDelegate.swift */ = {isa = PBXFileReference; lastKnownFileType = sourcecode.swift; path = AppDelegate.swift; sourceTree = "<group>"; };
		0AB228BD2BC07A800012BCB5 /* NotificationsView.swift */ = {isa = PBXFileReference; lastKnownFileType = sourcecode.swift; path = NotificationsView.swift; sourceTree = "<group>"; };
		0AB228C02BC07ADC0012BCB5 /* Inter-Bold.ttf */ = {isa = PBXFileReference; lastKnownFileType = file; path = "Inter-Bold.ttf"; sourceTree = "<group>"; };
		0AB228C22BC07B850012BCB5 /* Inter-Medium.ttf */ = {isa = PBXFileReference; lastKnownFileType = file; path = "Inter-Medium.ttf"; sourceTree = "<group>"; };
		0AB228C42BC07CFE0012BCB5 /* Double.swift */ = {isa = PBXFileReference; lastKnownFileType = sourcecode.swift; path = Double.swift; sourceTree = "<group>"; };
		0AB228C72BC37CE60012BCB5 /* CoinsLabel.swift */ = {isa = PBXFileReference; lastKnownFileType = sourcecode.swift; path = CoinsLabel.swift; sourceTree = "<group>"; };
		0AB228C92BC37F6D0012BCB5 /* MultiroundPro.otf */ = {isa = PBXFileReference; lastKnownFileType = file; path = MultiroundPro.otf; sourceTree = "<group>"; };
		0AB228CB2BC383120012BCB5 /* Muller Bold.ttf */ = {isa = PBXFileReference; lastKnownFileType = file; path = "Muller Bold.ttf"; sourceTree = "<group>"; };
		0AB228CD2BC384990012BCB5 /* InfoButton.swift */ = {isa = PBXFileReference; lastKnownFileType = sourcecode.swift; path = InfoButton.swift; sourceTree = "<group>"; };
		0AB228CF2BC384C70012BCB5 /* InfoView.swift */ = {isa = PBXFileReference; lastKnownFileType = sourcecode.swift; path = InfoView.swift; sourceTree = "<group>"; };
		0AB228D12BC385BF0012BCB5 /* DailyRewardLabel.swift */ = {isa = PBXFileReference; lastKnownFileType = sourcecode.swift; path = DailyRewardLabel.swift; sourceTree = "<group>"; };
		0AB228D72BC399400012BCB5 /* BackButton.swift */ = {isa = PBXFileReference; lastKnownFileType = sourcecode.swift; path = BackButton.swift; sourceTree = "<group>"; };
		0AB228D92BC3A0750012BCB5 /* MullerMedium.ttf */ = {isa = PBXFileReference; lastKnownFileType = file; path = MullerMedium.ttf; sourceTree = "<group>"; };
		0AB228DB2BC3A3BE0012BCB5 /* GameView.swift */ = {isa = PBXFileReference; lastKnownFileType = sourcecode.swift; path = GameView.swift; sourceTree = "<group>"; };
		0AB228DD2BC3A7740012BCB5 /* GameViewModel.swift */ = {isa = PBXFileReference; lastKnownFileType = sourcecode.swift; path = GameViewModel.swift; sourceTree = "<group>"; };
		0AB228DF2BC4B31C0012BCB5 /* NotificationsService.swift */ = {isa = PBXFileReference; lastKnownFileType = sourcecode.swift; path = NotificationsService.swift; sourceTree = "<group>"; };
		0AB228E12BC4E2410012BCB5 /* WebView.swift */ = {isa = PBXFileReference; lastKnownFileType = sourcecode.swift; path = WebView.swift; sourceTree = "<group>"; };
		0AB228E32BC4E33B0012BCB5 /* TermsAndPrivacyView.swift */ = {isa = PBXFileReference; lastKnownFileType = sourcecode.swift; path = TermsAndPrivacyView.swift; sourceTree = "<group>"; };
		0AB228E52BC4EADF0012BCB5 /* TermsAndPrivacyViewModel.swift */ = {isa = PBXFileReference; lastKnownFileType = sourcecode.swift; path = TermsAndPrivacyViewModel.swift; sourceTree = "<group>"; };
		EB63AE7A2AE810A300454218 /* Pyramid Riches Slots.app */ = {isa = PBXFileReference; explicitFileType = wrapper.application; includeInIndex = 0; path = "Pyramid Riches Slots.app"; sourceTree = BUILT_PRODUCTS_DIR; };
/* End PBXFileReference section */

/* Begin PBXFrameworksBuildPhase section */
		EB63AE772AE810A300454218 /* Frameworks */ = {
			isa = PBXFrameworksBuildPhase;
			buildActionMask = 2147483647;
			files = (
				0A4A366D2BC8220C0056DB03 /* PopupView in Frameworks */,
			);
			runOnlyForDeploymentPostprocessing = 0;
		};
/* End PBXFrameworksBuildPhase section */

/* Begin PBXGroup section */
		0AB228982BBF4C6C0012BCB5 /* Pyramid Riches Slots */ = {
			isa = PBXGroup;
			children = (
				0AB228992BBF4C6C0012BCB5 /* App */,
				0AB2289B2BBF4C6C0012BCB5 /* Resources */,
				0AB228A12BBF4C6C0012BCB5 /* Utils */,
				0AB228B92BBF4F1C0012BCB5 /* ViewModels */,
				0AB228C62BC37CBC0012BCB5 /* ViewComponents */,
				0AB228A82BBF4C6C0012BCB5 /* Views */,
				0AB228AB2BBF4C6C0012BCB5 /* Services */,
			);
			path = "Pyramid Riches Slots";
			sourceTree = "<group>";
		};
		0AB228992BBF4C6C0012BCB5 /* App */ = {
			isa = PBXGroup;
			children = (
				0AB2289A2BBF4C6C0012BCB5 /* PyramidRichesSlotsApp.swift */,
				0AB228BB2BBF54200012BCB5 /* AppDelegate.swift */,
			);
			path = App;
			sourceTree = "<group>";
		};
		0AB2289B2BBF4C6C0012BCB5 /* Resources */ = {
			isa = PBXGroup;
			children = (
				0AB228BF2BC07ACD0012BCB5 /* Fonts */,
				0AB2289C2BBF4C6C0012BCB5 /* Assets.xcassets */,
				0AB2289D2BBF4C6C0012BCB5 /* Preview Content */,
				0AB2289F2BBF4C6C0012BCB5 /* Launch Screen.storyboard */,
				0AB228A02BBF4C6C0012BCB5 /* Info.plist */,
			);
			path = Resources;
			sourceTree = "<group>";
		};
		0AB2289D2BBF4C6C0012BCB5 /* Preview Content */ = {
			isa = PBXGroup;
			children = (
				0AB2289E2BBF4C6C0012BCB5 /* Preview Assets.xcassets */,
			);
			path = "Preview Content";
			sourceTree = "<group>";
		};
		0AB228A12BBF4C6C0012BCB5 /* Utils */ = {
			isa = PBXGroup;
			children = (
				0AB228A22BBF4C6C0012BCB5 /* Enums */,
				0AB228A42BBF4C6C0012BCB5 /* Extensions */,
			);
			path = Utils;
			sourceTree = "<group>";
		};
		0AB228A22BBF4C6C0012BCB5 /* Enums */ = {
			isa = PBXGroup;
			children = (
				0AB228A32BBF4C6C0012BCB5 /* Constants.swift */,
			);
			path = Enums;
			sourceTree = "<group>";
		};
		0AB228A42BBF4C6C0012BCB5 /* Extensions */ = {
			isa = PBXGroup;
			children = (
				0AB228A52BBF4C6C0012BCB5 /* View.swift */,
				0AB228A62BBF4C6C0012BCB5 /* Font.swift */,
				0AB228C42BC07CFE0012BCB5 /* Double.swift */,
				0A4A366E2BC8245F0056DB03 /* Int.swift */,
			);
			path = Extensions;
			sourceTree = "<group>";
		};
		0AB228A82BBF4C6C0012BCB5 /* Views */ = {
			isa = PBXGroup;
			children = (
				0AB228A92BBF4C6C0012BCB5 /* MenuView.swift */,
				0AB228BD2BC07A800012BCB5 /* NotificationsView.swift */,
				0AB228CF2BC384C70012BCB5 /* InfoView.swift */,
				0AB228DB2BC3A3BE0012BCB5 /* GameView.swift */,
				0AB228E32BC4E33B0012BCB5 /* TermsAndPrivacyView.swift */,
				0A4A36692BC821F10056DB03 /* TotalWinView.swift */,
			);
			path = Views;
			sourceTree = "<group>";
		};
		0AB228AB2BBF4C6C0012BCB5 /* Services */ = {
			isa = PBXGroup;
			children = (
				0AB228AC2BBF4C6C0012BCB5 /* StorageService.swift */,
				0AB228DF2BC4B31C0012BCB5 /* NotificationsService.swift */,
			);
			path = Services;
			sourceTree = "<group>";
		};
		0AB228B92BBF4F1C0012BCB5 /* ViewModels */ = {
			isa = PBXGroup;
			children = (
				0AB228E52BC4EADF0012BCB5 /* TermsAndPrivacyViewModel.swift */,
				0AB228DD2BC3A7740012BCB5 /* GameViewModel.swift */,
			);
			path = ViewModels;
			sourceTree = "<group>";
		};
		0AB228BF2BC07ACD0012BCB5 /* Fonts */ = {
			isa = PBXGroup;
			children = (
				0AB228C02BC07ADC0012BCB5 /* Inter-Bold.ttf */,
				0AB228C92BC37F6D0012BCB5 /* MultiroundPro.otf */,
				0AB228CB2BC383120012BCB5 /* Muller Bold.ttf */,
				0AB228D92BC3A0750012BCB5 /* MullerMedium.ttf */,
				0AB228C22BC07B850012BCB5 /* Inter-Medium.ttf */,
			);
			path = Fonts;
			sourceTree = "<group>";
		};
		0AB228C62BC37CBC0012BCB5 /* ViewComponents */ = {
			isa = PBXGroup;
			children = (
				0AB228C72BC37CE60012BCB5 /* CoinsLabel.swift */,
				0AB228CD2BC384990012BCB5 /* InfoButton.swift */,
				0AB228D12BC385BF0012BCB5 /* DailyRewardLabel.swift */,
				0AB228D72BC399400012BCB5 /* BackButton.swift */,
				0AB228E12BC4E2410012BCB5 /* WebView.swift */,
			);
			path = ViewComponents;
			sourceTree = "<group>";
		};
		EB63AE712AE810A300454218 = {
			isa = PBXGroup;
			children = (
				0AB228982BBF4C6C0012BCB5 /* Pyramid Riches Slots */,
				EB63AE7B2AE810A300454218 /* Products */,
			);
			sourceTree = "<group>";
		};
		EB63AE7B2AE810A300454218 /* Products */ = {
			isa = PBXGroup;
			children = (
				EB63AE7A2AE810A300454218 /* Pyramid Riches Slots.app */,
			);
			name = Products;
			sourceTree = "<group>";
		};
/* End PBXGroup section */

/* Begin PBXNativeTarget section */
		EB63AE792AE810A300454218 /* Pyramid Riches Slots */ = {
			isa = PBXNativeTarget;
			buildConfigurationList = EB63AE882AE810A500454218 /* Build configuration list for PBXNativeTarget "Pyramid Riches Slots" */;
			buildPhases = (
				EB63AE762AE810A300454218 /* Sources */,
				EB63AE772AE810A300454218 /* Frameworks */,
				EB63AE782AE810A300454218 /* Resources */,
			);
			buildRules = (
			);
			dependencies = (
			);
			name = "Pyramid Riches Slots";
			packageProductDependencies = (
				0A4A366C2BC8220C0056DB03 /* PopupView */,
			);
			productName = SwiftUIApps;
			productReference = EB63AE7A2AE810A300454218 /* Pyramid Riches Slots.app */;
			productType = "com.apple.product-type.application";
		};
/* End PBXNativeTarget section */

/* Begin PBXProject section */
		EB63AE722AE810A300454218 /* Project object */ = {
			isa = PBXProject;
			attributes = {
				BuildIndependentTargetsInParallel = 1;
				LastSwiftUpdateCheck = 1500;
				LastUpgradeCheck = 1500;
				TargetAttributes = {
					EB63AE792AE810A300454218 = {
						CreatedOnToolsVersion = 15.0.1;
					};
				};
			};
			buildConfigurationList = EB63AE752AE810A300454218 /* Build configuration list for PBXProject "Pyramid Riches Slots" */;
			compatibilityVersion = "Xcode 14.0";
			developmentRegion = en;
			hasScannedForEncodings = 0;
			knownRegions = (
				en,
				Base,
			);
			mainGroup = EB63AE712AE810A300454218;
			packageReferences = (
				0A4A366B2BC8220C0056DB03 /* XCRemoteSwiftPackageReference "PopupView" */,
			);
			productRefGroup = EB63AE7B2AE810A300454218 /* Products */;
			projectDirPath = "";
			projectRoot = "";
			targets = (
				EB63AE792AE810A300454218 /* Pyramid Riches Slots */,
			);
		};
/* End PBXProject section */

/* Begin PBXResourcesBuildPhase section */
		EB63AE782AE810A300454218 /* Resources */ = {
			isa = PBXResourcesBuildPhase;
			buildActionMask = 2147483647;
			files = (
				0AB228B02BBF4C6C0012BCB5 /* Launch Screen.storyboard in Resources */,
				0AB228AF2BBF4C6C0012BCB5 /* Preview Assets.xcassets in Resources */,
				0AB228CC2BC383120012BCB5 /* Muller Bold.ttf in Resources */,
				0AB228C12BC07ADC0012BCB5 /* Inter-Bold.ttf in Resources */,
				0AB228C32BC07B850012BCB5 /* Inter-Medium.ttf in Resources */,
				0AB228CA2BC37F6D0012BCB5 /* MultiroundPro.otf in Resources */,
				0AB228DA2BC3A0750012BCB5 /* MullerMedium.ttf in Resources */,
				0AB228AE2BBF4C6C0012BCB5 /* Assets.xcassets in Resources */,
			);
			runOnlyForDeploymentPostprocessing = 0;
		};
/* End PBXResourcesBuildPhase section */

/* Begin PBXSourcesBuildPhase section */
		EB63AE762AE810A300454218 /* Sources */ = {
			isa = PBXSourcesBuildPhase;
			buildActionMask = 2147483647;
			files = (
				0AB228DE2BC3A7740012BCB5 /* GameViewModel.swift in Sources */,
				0AB228BC2BBF54200012BCB5 /* AppDelegate.swift in Sources */,
				0AB228B42BBF4C6C0012BCB5 /* Font.swift in Sources */,
				0AB228D22BC385BF0012BCB5 /* DailyRewardLabel.swift in Sources */,
				0AB228E62BC4EADF0012BCB5 /* TermsAndPrivacyViewModel.swift in Sources */,
				0AB228C82BC37CE60012BCB5 /* CoinsLabel.swift in Sources */,
				0AB228DC2BC3A3BE0012BCB5 /* GameView.swift in Sources */,
				0A4A366F2BC8245F0056DB03 /* Int.swift in Sources */,
				0AB228CE2BC384990012BCB5 /* InfoButton.swift in Sources */,
				0AB228E42BC4E33B0012BCB5 /* TermsAndPrivacyView.swift in Sources */,
				0AB228B62BBF4C6C0012BCB5 /* MenuView.swift in Sources */,
				0AB228C52BC07CFE0012BCB5 /* Double.swift in Sources */,
				0AB228D82BC399400012BCB5 /* BackButton.swift in Sources */,
				0AB228AD2BBF4C6C0012BCB5 /* PyramidRichesSlotsApp.swift in Sources */,
				0AB228B22BBF4C6C0012BCB5 /* Constants.swift in Sources */,
				0AB228E02BC4B31C0012BCB5 /* NotificationsService.swift in Sources */,
				0AB228E22BC4E2410012BCB5 /* WebView.swift in Sources */,
				0AB228B32BBF4C6C0012BCB5 /* View.swift in Sources */,
				0AB228B82BBF4C6C0012BCB5 /* StorageService.swift in Sources */,
				0AB228BE2BC07A800012BCB5 /* NotificationsView.swift in Sources */,
				0AB228D02BC384C70012BCB5 /* InfoView.swift in Sources */,
				0A4A366A2BC821F10056DB03 /* TotalWinView.swift in Sources */,
			);
			runOnlyForDeploymentPostprocessing = 0;
		};
/* End PBXSourcesBuildPhase section */

/* Begin XCBuildConfiguration section */
		EB63AE862AE810A500454218 /* Debug */ = {
			isa = XCBuildConfiguration;
			buildSettings = {
				ALWAYS_SEARCH_USER_PATHS = NO;
				ASSETCATALOG_COMPILER_GENERATE_SWIFT_ASSET_SYMBOL_EXTENSIONS = YES;
				CLANG_ANALYZER_NONNULL = YES;
				CLANG_ANALYZER_NUMBER_OBJECT_CONVERSION = YES_AGGRESSIVE;
				CLANG_CXX_LANGUAGE_STANDARD = "gnu++20";
				CLANG_ENABLE_MODULES = YES;
				CLANG_ENABLE_OBJC_ARC = YES;
				CLANG_ENABLE_OBJC_WEAK = YES;
				CLANG_WARN_BLOCK_CAPTURE_AUTORELEASING = YES;
				CLANG_WARN_BOOL_CONVERSION = YES;
				CLANG_WARN_COMMA = YES;
				CLANG_WARN_CONSTANT_CONVERSION = YES;
				CLANG_WARN_DEPRECATED_OBJC_IMPLEMENTATIONS = YES;
				CLANG_WARN_DIRECT_OBJC_ISA_USAGE = YES_ERROR;
				CLANG_WARN_DOCUMENTATION_COMMENTS = YES;
				CLANG_WARN_EMPTY_BODY = YES;
				CLANG_WARN_ENUM_CONVERSION = YES;
				CLANG_WARN_INFINITE_RECURSION = YES;
				CLANG_WARN_INT_CONVERSION = YES;
				CLANG_WARN_NON_LITERAL_NULL_CONVERSION = YES;
				CLANG_WARN_OBJC_IMPLICIT_RETAIN_SELF = YES;
				CLANG_WARN_OBJC_LITERAL_CONVERSION = YES;
				CLANG_WARN_OBJC_ROOT_CLASS = YES_ERROR;
				CLANG_WARN_QUOTED_INCLUDE_IN_FRAMEWORK_HEADER = YES;
				CLANG_WARN_RANGE_LOOP_ANALYSIS = YES;
				CLANG_WARN_STRICT_PROTOTYPES = YES;
				CLANG_WARN_SUSPICIOUS_MOVE = YES;
				CLANG_WARN_UNGUARDED_AVAILABILITY = YES_AGGRESSIVE;
				CLANG_WARN_UNREACHABLE_CODE = YES;
				CLANG_WARN__DUPLICATE_METHOD_MATCH = YES;
				COPY_PHASE_STRIP = NO;
				DEBUG_INFORMATION_FORMAT = dwarf;
				ENABLE_STRICT_OBJC_MSGSEND = YES;
				ENABLE_TESTABILITY = YES;
				ENABLE_USER_SCRIPT_SANDBOXING = YES;
				GCC_C_LANGUAGE_STANDARD = gnu17;
				GCC_DYNAMIC_NO_PIC = NO;
				GCC_NO_COMMON_BLOCKS = YES;
				GCC_OPTIMIZATION_LEVEL = 0;
				GCC_PREPROCESSOR_DEFINITIONS = (
					"DEBUG=1",
					"$(inherited)",
				);
				GCC_WARN_64_TO_32_BIT_CONVERSION = YES;
				GCC_WARN_ABOUT_RETURN_TYPE = YES_ERROR;
				GCC_WARN_UNDECLARED_SELECTOR = YES;
				GCC_WARN_UNINITIALIZED_AUTOS = YES_AGGRESSIVE;
				GCC_WARN_UNUSED_FUNCTION = YES;
				GCC_WARN_UNUSED_VARIABLE = YES;
				IPHONEOS_DEPLOYMENT_TARGET = 15.0;
				LOCALIZATION_PREFERS_STRING_CATALOGS = YES;
				MTL_ENABLE_DEBUG_INFO = INCLUDE_SOURCE;
				MTL_FAST_MATH = YES;
				ONLY_ACTIVE_ARCH = YES;
				SDKROOT = iphoneos;
				SWIFT_ACTIVE_COMPILATION_CONDITIONS = "DEBUG $(inherited)";
				SWIFT_OPTIMIZATION_LEVEL = "-Onone";
			};
			name = Debug;
		};
		EB63AE872AE810A500454218 /* Release */ = {
			isa = XCBuildConfiguration;
			buildSettings = {
				ALWAYS_SEARCH_USER_PATHS = NO;
				ASSETCATALOG_COMPILER_GENERATE_SWIFT_ASSET_SYMBOL_EXTENSIONS = YES;
				CLANG_ANALYZER_NONNULL = YES;
				CLANG_ANALYZER_NUMBER_OBJECT_CONVERSION = YES_AGGRESSIVE;
				CLANG_CXX_LANGUAGE_STANDARD = "gnu++20";
				CLANG_ENABLE_MODULES = YES;
				CLANG_ENABLE_OBJC_ARC = YES;
				CLANG_ENABLE_OBJC_WEAK = YES;
				CLANG_WARN_BLOCK_CAPTURE_AUTORELEASING = YES;
				CLANG_WARN_BOOL_CONVERSION = YES;
				CLANG_WARN_COMMA = YES;
				CLANG_WARN_CONSTANT_CONVERSION = YES;
				CLANG_WARN_DEPRECATED_OBJC_IMPLEMENTATIONS = YES;
				CLANG_WARN_DIRECT_OBJC_ISA_USAGE = YES_ERROR;
				CLANG_WARN_DOCUMENTATION_COMMENTS = YES;
				CLANG_WARN_EMPTY_BODY = YES;
				CLANG_WARN_ENUM_CONVERSION = YES;
				CLANG_WARN_INFINITE_RECURSION = YES;
				CLANG_WARN_INT_CONVERSION = YES;
				CLANG_WARN_NON_LITERAL_NULL_CONVERSION = YES;
				CLANG_WARN_OBJC_IMPLICIT_RETAIN_SELF = YES;
				CLANG_WARN_OBJC_LITERAL_CONVERSION = YES;
				CLANG_WARN_OBJC_ROOT_CLASS = YES_ERROR;
				CLANG_WARN_QUOTED_INCLUDE_IN_FRAMEWORK_HEADER = YES;
				CLANG_WARN_RANGE_LOOP_ANALYSIS = YES;
				CLANG_WARN_STRICT_PROTOTYPES = YES;
				CLANG_WARN_SUSPICIOUS_MOVE = YES;
				CLANG_WARN_UNGUARDED_AVAILABILITY = YES_AGGRESSIVE;
				CLANG_WARN_UNREACHABLE_CODE = YES;
				CLANG_WARN__DUPLICATE_METHOD_MATCH = YES;
				COPY_PHASE_STRIP = NO;
				DEBUG_INFORMATION_FORMAT = "dwarf-with-dsym";
				ENABLE_NS_ASSERTIONS = NO;
				ENABLE_STRICT_OBJC_MSGSEND = YES;
				ENABLE_USER_SCRIPT_SANDBOXING = YES;
				GCC_C_LANGUAGE_STANDARD = gnu17;
				GCC_NO_COMMON_BLOCKS = YES;
				GCC_WARN_64_TO_32_BIT_CONVERSION = YES;
				GCC_WARN_ABOUT_RETURN_TYPE = YES_ERROR;
				GCC_WARN_UNDECLARED_SELECTOR = YES;
				GCC_WARN_UNINITIALIZED_AUTOS = YES_AGGRESSIVE;
				GCC_WARN_UNUSED_FUNCTION = YES;
				GCC_WARN_UNUSED_VARIABLE = YES;
				IPHONEOS_DEPLOYMENT_TARGET = 15.0;
				LOCALIZATION_PREFERS_STRING_CATALOGS = YES;
				MTL_ENABLE_DEBUG_INFO = NO;
				MTL_FAST_MATH = YES;
				SDKROOT = iphoneos;
				SWIFT_COMPILATION_MODE = wholemodule;
				VALIDATE_PRODUCT = YES;
			};
			name = Release;
		};
		EB63AE892AE810A500454218 /* Debug */ = {
			isa = XCBuildConfiguration;
			buildSettings = {
				ASSETCATALOG_COMPILER_APPICON_NAME = AppIcon;
				ASSETCATALOG_COMPILER_GLOBAL_ACCENT_COLOR_NAME = AccentColor;
				CODE_SIGN_STYLE = Automatic;
				CURRENT_PROJECT_VERSION = 2;
				DEVELOPMENT_ASSET_PATHS = "\"$(TARGET_NAME)/Resources/Preview Content\"";
				DEVELOPMENT_TEAM = ZXG6482Y8U;
				ENABLE_PREVIEWS = YES;
				GENERATE_INFOPLIST_FILE = YES;
				INFOPLIST_FILE = "$(TARGET_NAME)/Resources/Info.plist";
				INFOPLIST_KEY_UIApplicationSceneManifest_Generation = YES;
				INFOPLIST_KEY_UIApplicationSupportsIndirectInputEvents = YES;
				INFOPLIST_KEY_UILaunchScreen_Generation = YES;
				INFOPLIST_KEY_UILaunchStoryboardName = "Launch Screen";
				INFOPLIST_KEY_UISupportedInterfaceOrientations_iPad = "UIInterfaceOrientationPortrait UIInterfaceOrientationPortraitUpsideDown UIInterfaceOrientationLandscapeLeft UIInterfaceOrientationLandscapeRight";
				INFOPLIST_KEY_UISupportedInterfaceOrientations_iPhone = "UIInterfaceOrientationPortrait UIInterfaceOrientationLandscapeLeft UIInterfaceOrientationLandscapeRight";
				IPHONEOS_DEPLOYMENT_TARGET = 15.0;
				LD_RUNPATH_SEARCH_PATHS = (
					"$(inherited)",
					"@executable_path/Frameworks",
				);
				MARKETING_VERSION = 1.0;
				PRODUCT_BUNDLE_IDENTIFIER = com.PyramidRichesSlots.MarkWintheiser;
				PRODUCT_NAME = "$(TARGET_NAME)";
				SUPPORTED_PLATFORMS = "iphoneos iphonesimulator";
				SUPPORTS_MACCATALYST = NO;
				SUPPORTS_MAC_DESIGNED_FOR_IPHONE_IPAD = NO;
				SWIFT_EMIT_LOC_STRINGS = YES;
				SWIFT_VERSION = 5.0;
				TARGETED_DEVICE_FAMILY = "1,2";
			};
			name = Debug;
		};
		EB63AE8A2AE810A500454218 /* Release */ = {
			isa = XCBuildConfiguration;
			buildSettings = {
				ASSETCATALOG_COMPILER_APPICON_NAME = AppIcon;
				ASSETCATALOG_COMPILER_GLOBAL_ACCENT_COLOR_NAME = AccentColor;
				CODE_SIGN_STYLE = Automatic;
				CURRENT_PROJECT_VERSION = 2;
				DEVELOPMENT_ASSET_PATHS = "\"$(TARGET_NAME)/Resources/Preview Content\"";
				DEVELOPMENT_TEAM = ZXG6482Y8U;
				ENABLE_PREVIEWS = YES;
				GENERATE_INFOPLIST_FILE = YES;
				INFOPLIST_FILE = "$(TARGET_NAME)/Resources/Info.plist";
				INFOPLIST_KEY_UIApplicationSceneManifest_Generation = YES;
				INFOPLIST_KEY_UIApplicationSupportsIndirectInputEvents = YES;
				INFOPLIST_KEY_UILaunchScreen_Generation = YES;
				INFOPLIST_KEY_UILaunchStoryboardName = "Launch Screen";
				INFOPLIST_KEY_UISupportedInterfaceOrientations_iPad = "UIInterfaceOrientationPortrait UIInterfaceOrientationPortraitUpsideDown UIInterfaceOrientationLandscapeLeft UIInterfaceOrientationLandscapeRight";
				INFOPLIST_KEY_UISupportedInterfaceOrientations_iPhone = "UIInterfaceOrientationPortrait UIInterfaceOrientationLandscapeLeft UIInterfaceOrientationLandscapeRight";
				IPHONEOS_DEPLOYMENT_TARGET = 15.0;
				LD_RUNPATH_SEARCH_PATHS = (
					"$(inherited)",
					"@executable_path/Frameworks",
				);
				MARKETING_VERSION = 1.0;
				PRODUCT_BUNDLE_IDENTIFIER = com.PyramidRichesSlots.MarkWintheiser;
				PRODUCT_NAME = "$(TARGET_NAME)";
				SUPPORTED_PLATFORMS = "iphoneos iphonesimulator";
				SUPPORTS_MACCATALYST = NO;
				SUPPORTS_MAC_DESIGNED_FOR_IPHONE_IPAD = NO;
				SWIFT_EMIT_LOC_STRINGS = YES;
				SWIFT_VERSION = 5.0;
				TARGETED_DEVICE_FAMILY = "1,2";
			};
			name = Release;
		};
/* End XCBuildConfiguration section */

/* Begin XCConfigurationList section */
		EB63AE752AE810A300454218 /* Build configuration list for PBXProject "Pyramid Riches Slots" */ = {
			isa = XCConfigurationList;
			buildConfigurations = (
				EB63AE862AE810A500454218 /* Debug */,
				EB63AE872AE810A500454218 /* Release */,
			);
			defaultConfigurationIsVisible = 0;
			defaultConfigurationName = Release;
		};
		EB63AE882AE810A500454218 /* Build configuration list for PBXNativeTarget "Pyramid Riches Slots" */ = {
			isa = XCConfigurationList;
			buildConfigurations = (
				EB63AE892AE810A500454218 /* Debug */,
				EB63AE8A2AE810A500454218 /* Release */,
			);
			defaultConfigurationIsVisible = 0;
			defaultConfigurationName = Release;
		};
/* End XCConfigurationList section */

/* Begin XCRemoteSwiftPackageReference section */
		0A4A366B2BC8220C0056DB03 /* XCRemoteSwiftPackageReference "PopupView" */ = {
			isa = XCRemoteSwiftPackageReference;
			repositoryURL = "https://github.com/exyte/PopupView";
			requirement = {
				kind = upToNextMajorVersion;
				minimumVersion = 2.9.1;
			};
		};
/* End XCRemoteSwiftPackageReference section */

/* Begin XCSwiftPackageProductDependency section */
		0A4A366C2BC8220C0056DB03 /* PopupView */ = {
			isa = XCSwiftPackageProductDependency;
			package = 0A4A366B2BC8220C0056DB03 /* XCRemoteSwiftPackageReference "PopupView" */;
			productName = PopupView;
		};
/* End XCSwiftPackageProductDependency section */
	};
	rootObject = EB63AE722AE810A300454218 /* Project object */;
}
